
Microsoft Visual Studio Solution File, Format Version 12.00
# Visual Studio Version 17
VisualStudioVersion = 17.3.32922.545
MinimumVisualStudioVersion = 10.0.40219.1
Project("{FAE04EC0-301F-11D3-BF4B-00C04F79EFBC}") = "inpuntOneDementionMassive", "inpuntOneDementionMassive\inpuntOneDementionMassive.csproj", "{C34A6F96-C392-42EA-8AE9-886534A2D080}"
EndProject
Global
	GlobalSection(SolutionConfigurationPlatforms) = preSolution
		Debug|Any CPU = Debug|Any CPU
		Release|Any CPU = Release|Any CPU
	EndGlobalSection
	GlobalSection(ProjectConfigurationPlatforms) = postSolution
		{C34A6F96-C392-42EA-8AE9-886534A2D080}.Debug|Any CPU.ActiveCfg = Debug|Any CPU
		{C34A6F96-C392-42EA-8AE9-886534A2D080}.Debug|Any CPU.Build.0 = Debug|Any CPU
		{C34A6F96-C392-42EA-8AE9-886534A2D080}.Release|Any CPU.ActiveCfg = Release|Any CPU
		{C34A6F96-C392-42EA-8AE9-886534A2D080}.Release|Any CPU.Build.0 = Release|Any CPU
	EndGlobalSection
	GlobalSection(SolutionProperties) = preSolution
		HideSolutionNode = FALSE
	EndGlobalSection
	GlobalSection(ExtensibilityGlobals) = postSolution
		SolutionGuid = {133BFDEE-247E-4900-B092-B200C820337E}
	EndGlobalSection
EndGlobal
